{
	"name": "cult-website",
	"version": "0.0.1",
	"lockfileVersion": 1,
	"requires": true,
	"dependencies": {
		"@mdi/js": {
			"version": "6.1.95",
			"resolved": "https://registry.npmjs.org/@mdi/js/-/js-6.1.95.tgz",
			"integrity": "sha512-e6ZXoNB9uciA4smHHVkZWyYX/RRZsza8XfLvnOuvdLQttpzRKTqR26jG/COL0o4ES9vbAk9PX5mXTEstg0TCsg=="
		},
		"@rexxars/eventsource-polyfill": {
			"version": "1.0.0",
			"resolved": "https://registry.npmjs.org/@rexxars/eventsource-polyfill/-/eventsource-polyfill-1.0.0.tgz",
			"integrity": "sha512-YnrybIoM9WFqmeK1D8p/gutqjJnmXCVFWAU3ucka9M7Dzpen3f2Dy4KsC6k1wDHrCtHQuUHHwZovh3i5UPDaZw==",
			"dev": true
		},
		"@rollup/pluginutils": {
			"version": "4.1.1",
			"resolved": "https://registry.npmjs.org/@rollup/pluginutils/-/pluginutils-4.1.1.tgz",
			"integrity": "sha512-clDjivHqWGXi7u+0d2r2sBi4Ie6VLEAzWMIkvJLnDmxoOhBYOTfzGbOQBA32THHm11/LiJbd01tJUpJsbshSWQ==",
			"dev": true,
			"requires": {
				"estree-walker": "^2.0.1",
				"picomatch": "^2.2.2"
			}
		},
		"@sanity/client": {
			"version": "2.19.0",
			"resolved": "https://registry.npmjs.org/@sanity/client/-/client-2.19.0.tgz",
			"integrity": "sha512-y3VCTXx0z9n9tIroJUBT70rfCZuyJCNmRVZcMjRSjaLCK7vFJHvACX61OkbfbFo9t8r098g8jXP2XttBUiglLQ==",
			"dev": true,
			"requires": {
				"@sanity/eventsource": "2.14.0",
				"@sanity/generate-help-url": "2.18.0",
				"@sanity/observable": "2.0.9",
				"deep-assign": "^2.0.0",
				"get-it": "^5.0.3",
				"make-error": "^1.3.0",
				"object-assign": "^4.1.1"
			}
		},
		"@sanity/eventsource": {
			"version": "2.14.0",
			"resolved": "https://registry.npmjs.org/@sanity/eventsource/-/eventsource-2.14.0.tgz",
			"integrity": "sha512-U1FgPUwB9//bGT5OO1VgtamSCM2Z3vpWP3mCgN8vPmEUJ0cofAWO+turDbOILahuicH8u7Xnmd+GSB33p4Mg9A==",
			"dev": true,
			"requires": {
				"@rexxars/eventsource-polyfill": "^1.0.0",
				"eventsource": "^1.0.6"
			}
		},
		"@sanity/generate-help-url": {
			"version": "2.18.0",
			"resolved": "https://registry.npmjs.org/@sanity/generate-help-url/-/generate-help-url-2.18.0.tgz",
			"integrity": "sha512-If8Qkw32LWPes16UzqwUsTLgfxF5d4ACdUvCLMl6grJc/5G8LKPAGCQUuA/d1F4W16yCJVV7Zv31HDRDXJSJkg==",
			"dev": true
		},
		"@sanity/image-url": {
			"version": "1.0.1",
			"resolved": "https://registry.npmjs.org/@sanity/image-url/-/image-url-1.0.1.tgz",
			"integrity": "sha512-AdKQ3zMk7WdoNwoJPrAvQhW+kUtBldBX0nHtnGy+rwmgsCQ0rAXasrgH43Fhmsp/yB6piiq+F2d5qEuBFsdQVg==",
			"dev": true
		},
		"@sanity/observable": {
			"version": "2.0.9",
			"resolved": "https://registry.npmjs.org/@sanity/observable/-/observable-2.0.9.tgz",
			"integrity": "sha512-IUpzsEbhOhofTBUu2tiQ4Ymbkmhr6oe4UC4Ds1khZ9Td4t4mzzPGmGQIr5SBEDawz0UD7ZgZAb4LeEzV3hUrtA==",
			"dev": true,
			"requires": {
				"object-assign": "^4.1.1",
				"rxjs": "^6.5.3"
			}
		},
		"@sanity/timed-out": {
			"version": "4.0.2",
			"resolved": "https://registry.npmjs.org/@sanity/timed-out/-/timed-out-4.0.2.tgz",
			"integrity": "sha512-NBDKGj14g9Z+bopIvZcQKWCzJq5JSrdmzRR1CS+iyA3Gm8SnIWBfZa7I3mTg2X6Nu8LQXG0EPKXdOGozLS4i3w==",
			"dev": true
		},
		"@sveltejs/adapter-static": {
			"version": "1.0.0-next.19",
			"resolved": "https://registry.npmjs.org/@sveltejs/adapter-static/-/adapter-static-1.0.0-next.19.tgz",
			"integrity": "sha512-uZNJNVGCdiLo1XnMbezlAUsNSzB36oqtXvaUiDmy+Lv0jKU7ZukDQnJ0zWAatdqXl9ETlG4YyTWI/i7E8nmLpQ==",
			"dev": true
		},
		"@sveltejs/kit": {
			"version": "1.0.0-next.170",
			"resolved": "https://registry.npmjs.org/@sveltejs/kit/-/kit-1.0.0-next.170.tgz",
			"integrity": "sha512-1Zfl0qC6qOFI3Q/Q33Lnt7HBusNcCDryJFyzIXmICxNmmeJ6qn7K6vF80uZ+uX4XoByjdYs7Iu54D3OGUOF0EA==",
			"dev": true,
			"requires": {
				"@sveltejs/vite-plugin-svelte": "^1.0.0-next.24",
				"cheap-watch": "^1.0.4",
				"sade": "^1.7.4",
				"vite": "^2.5.7"
			}
		},
		"@sveltejs/vite-plugin-svelte": {
			"version": "1.0.0-next.24",
			"resolved": "https://registry.npmjs.org/@sveltejs/vite-plugin-svelte/-/vite-plugin-svelte-1.0.0-next.24.tgz",
			"integrity": "sha512-b+n3jcLpk2j/25APQbk5ejCyd0faYTB2bOxR3gY0LX3MFGgdiL8zdf3/aawcPSxLdbL73YVlxNBIATGuvq03uQ==",
			"dev": true,
			"requires": {
				"@rollup/pluginutils": "^4.1.1",
				"debug": "^4.3.2",
				"kleur": "^4.1.4",
				"magic-string": "^0.25.7",
				"require-relative": "^0.8.7",
				"svelte-hmr": "^0.14.7"
			}
		},
		"autoprefixer": {
			"version": "10.3.5",
			"resolved": "https://registry.npmjs.org/autoprefixer/-/autoprefixer-10.3.5.tgz",
			"integrity": "sha512-2H5kQSsyoOMdIehTzIt/sC9ZDIgWqlkG/dbevm9B9xQZ1TDPBHpNUDW5ENqqQQzuaBWEo75JkV0LJe+o5Lnr5g==",
			"dev": true,
			"requires": {
				"browserslist": "^4.17.1",
				"caniuse-lite": "^1.0.30001259",
				"fraction.js": "^4.1.1",
				"nanocolors": "^0.1.5",
				"normalize-range": "^0.1.2",
				"postcss-value-parser": "^4.1.0"
			}
		},
		"browserslist": {
			"version": "4.17.1",
			"resolved": "https://registry.npmjs.org/browserslist/-/browserslist-4.17.1.tgz",
			"integrity": "sha512-aLD0ZMDSnF4lUt4ZDNgqi5BUn9BZ7YdQdI/cYlILrhdSSZJLU9aNZoD5/NBmM4SK34APB2e83MOsRt1EnkuyaQ==",
			"dev": true,
			"requires": {
				"caniuse-lite": "^1.0.30001259",
				"electron-to-chromium": "^1.3.846",
				"escalade": "^3.1.1",
				"nanocolors": "^0.1.5",
				"node-releases": "^1.1.76"
			}
		},
		"caniuse-lite": {
			"version": "1.0.30001259",
			"resolved": "https://registry.npmjs.org/caniuse-lite/-/caniuse-lite-1.0.30001259.tgz",
			"integrity": "sha512-V7mQTFhjITxuk9zBpI6nYsiTXhcPe05l+364nZjK7MFK/E7ibvYBSAXr4YcA6oPR8j3ZLM/LN+lUqUVAQEUZFg==",
			"dev": true
		},
		"capture-stack-trace": {
			"version": "1.0.1",
			"resolved": "https://registry.npmjs.org/capture-stack-trace/-/capture-stack-trace-1.0.1.tgz",
			"integrity": "sha512-mYQLZnx5Qt1JgB1WEiMCf2647plpGeQ2NMR/5L0HNZzGQo4fuSPnK+wjfPnKZV0aiJDgzmWqqkV/g7JD+DW0qw==",
			"dev": true
		},
		"cheap-watch": {
			"version": "1.0.4",
			"resolved": "https://registry.npmjs.org/cheap-watch/-/cheap-watch-1.0.4.tgz",
			"integrity": "sha512-QR/9FrtRL5fjfUJBhAKCdi0lSRQ3rVRRum3GF9wDKp2TJbEIMGhUEr2yU8lORzm9Isdjx7/k9S0DFDx+z5VGtw==",
			"dev": true
		},
		"colorette": {
			"version": "1.3.0",
			"resolved": "https://registry.npmjs.org/colorette/-/colorette-1.3.0.tgz",
			"integrity": "sha512-ecORCqbSFP7Wm8Y6lyqMJjexBQqXSF7SSeaTyGGphogUjBlFP9m9o08wy86HL2uB7fMTxtOUzLMk7ogKcxMg1w==",
			"dev": true
		},
		"core-util-is": {
			"version": "1.0.3",
			"resolved": "https://registry.npmjs.org/core-util-is/-/core-util-is-1.0.3.tgz",
			"integrity": "sha512-ZQBvi1DcpJ4GDqanjucZ2Hj3wEO5pZDS89BWbkcrvdxksJorwUDDZamX9ldFkp9aw2lmBDLgkObEA4DWNJ9FYQ==",
			"dev": true
		},
		"create-error-class": {
			"version": "3.0.2",
			"resolved": "https://registry.npmjs.org/create-error-class/-/create-error-class-3.0.2.tgz",
			"integrity": "sha1-Br56vvlHo/FKMP1hBnHUAbyot7Y=",
			"dev": true,
			"requires": {
				"capture-stack-trace": "^1.0.0"
			}
		},
		"data-uri-to-buffer": {
			"version": "3.0.1",
			"resolved": "https://registry.npmjs.org/data-uri-to-buffer/-/data-uri-to-buffer-3.0.1.tgz",
			"integrity": "sha512-WboRycPNsVw3B3TL559F7kuBUM4d8CgMEvk6xEJlOp7OBPjt6G7z8WMWlD2rOFZLk6OYfFIUGsCOWzcQH9K2og==",
			"dev": true
		},
		"debug": {
			"version": "4.3.2",
			"resolved": "https://registry.npmjs.org/debug/-/debug-4.3.2.tgz",
			"integrity": "sha512-mOp8wKcvj7XxC78zLgw/ZA+6TSgkoE2C/ienthhRD298T7UNwAg9diBpLRxC0mOezLl4B0xV7M0cCO6P/O0Xhw==",
			"dev": true,
			"requires": {
				"ms": "2.1.2"
			}
		},
		"decompress-response": {
			"version": "3.3.0",
			"resolved": "https://registry.npmjs.org/decompress-response/-/decompress-response-3.3.0.tgz",
			"integrity": "sha1-gKTdMjdIOEv6JICDYirt7Jgq3/M=",
			"dev": true,
			"requires": {
				"mimic-response": "^1.0.0"
			}
		},
		"deep-assign": {
			"version": "2.0.0",
			"resolved": "https://registry.npmjs.org/deep-assign/-/deep-assign-2.0.0.tgz",
			"integrity": "sha1-6+BrHwfwja5ZdiDj3RYi83GhxXI=",
			"dev": true,
			"requires": {
				"is-obj": "^1.0.0"
			}
		},
		"dotenv": {
			"version": "10.0.0",
			"resolved": "https://registry.npmjs.org/dotenv/-/dotenv-10.0.0.tgz",
			"integrity": "sha512-rlBi9d8jpv9Sf1klPjNfFAuWDjKLwTIJJ/VxtoTwIR6hnZxcEOQCZg2oIL3MWBYw5GpUDKOEnND7LXTbIpQ03Q==",
			"dev": true
		},
		"electron-to-chromium": {
			"version": "1.3.846",
			"resolved": "https://registry.npmjs.org/electron-to-chromium/-/electron-to-chromium-1.3.846.tgz",
			"integrity": "sha512-2jtSwgyiRzybHRxrc2nKI+39wH3AwQgn+sogQ+q814gv8hIFwrcZbV07Ea9f8AmK0ufPVZUvvAG1uZJ+obV4Jw==",
			"dev": true
		},
		"esbuild": {
			"version": "0.12.29",
			"resolved": "https://registry.npmjs.org/esbuild/-/esbuild-0.12.29.tgz",
			"integrity": "sha512-w/XuoBCSwepyiZtIRsKsetiLDUVGPVw1E/R3VTFSecIy8UR7Cq3SOtwKHJMFoVqqVG36aGkzh4e8BvpO1Fdc7g==",
			"dev": true
		},
		"escalade": {
			"version": "3.1.1",
			"resolved": "https://registry.npmjs.org/escalade/-/escalade-3.1.1.tgz",
			"integrity": "sha512-k0er2gUkLf8O0zKJiAhmkTnJlTvINGv7ygDNPbeIsX/TJjGJZHuh9B2UxbsaEkmlEo9MfhrSzmhIlhRlI2GXnw==",
			"dev": true
		},
		"estree-walker": {
			"version": "2.0.2",
			"resolved": "https://registry.npmjs.org/estree-walker/-/estree-walker-2.0.2.tgz",
			"integrity": "sha512-Rfkk/Mp/DL7JVje3u18FxFujQlTNR2q6QfMSMB7AvCBx91NGj/ba3kCfza0f6dVDbw7YlRf/nDrn7pQrCCyQ/w==",
			"dev": true
		},
		"eventsource": {
			"version": "1.1.0",
			"resolved": "https://registry.npmjs.org/eventsource/-/eventsource-1.1.0.tgz",
			"integrity": "sha512-VSJjT5oCNrFvCS6igjzPAt5hBzQ2qPBFIbJ03zLI9SE0mxwZpMw6BfJrbFHm1a141AavMEB8JHmBhWAd66PfCg==",
			"dev": true,
			"requires": {
				"original": "^1.0.0"
			}
		},
		"fetch-blob": {
			"version": "3.1.2",
			"resolved": "https://registry.npmjs.org/fetch-blob/-/fetch-blob-3.1.2.tgz",
			"integrity": "sha512-hunJbvy/6OLjCD0uuhLdp0mMPzP/yd2ssd1t2FCJsaA7wkWhpbp9xfuNVpv7Ll4jFhzp6T4LAupSiV9uOeg0VQ==",
			"dev": true,
			"requires": {
				"web-streams-polyfill": "^3.0.3"
			}
		},
		"follow-redirects": {
			"version": "1.14.3",
			"resolved": "https://registry.npmjs.org/follow-redirects/-/follow-redirects-1.14.3.tgz",
			"integrity": "sha512-3MkHxknWMUtb23apkgz/83fDoe+y+qr0TdgacGIA7bew+QLBo3vdgEN2xEsuXNivpFy4CyDhBBZnNZOtalmenw==",
			"dev": true
		},
		"form-urlencoded": {
			"version": "2.0.9",
			"resolved": "https://registry.npmjs.org/form-urlencoded/-/form-urlencoded-2.0.9.tgz",
			"integrity": "sha512-fWUzNiOnYa126vFAT6TFXd1mhJrvD8IqmQ9ilZPjkLYQfaRreBr5fIUoOpPlWtqaAG64nzoE7u5zSetifab9IA==",
			"dev": true
		},
		"fraction.js": {
			"version": "4.1.1",
			"resolved": "https://registry.npmjs.org/fraction.js/-/fraction.js-4.1.1.tgz",
			"integrity": "sha512-MHOhvvxHTfRFpF1geTK9czMIZ6xclsEor2wkIGYYq+PxcQqT7vStJqjhe6S1TenZrMZzo+wlqOufBDVepUEgPg==",
			"dev": true
		},
		"from2": {
			"version": "2.3.0",
			"resolved": "https://registry.npmjs.org/from2/-/from2-2.3.0.tgz",
			"integrity": "sha1-i/tVAr3kpNNs/e6gB/zKIdfjgq8=",
			"dev": true,
			"requires": {
				"inherits": "^2.0.1",
				"readable-stream": "^2.0.0"
			}
		},
		"fsevents": {
			"version": "2.3.2",
			"resolved": "https://registry.npmjs.org/fsevents/-/fsevents-2.3.2.tgz",
			"integrity": "sha512-xiqMQR4xAeHTuB9uWm+fFRcIOgKBMiOBP+eXiyT7jsgVCq1bkVygt00oASowB7EdtpOHaaPgKt812P9ab+DDKA==",
			"dev": true,
			"optional": true
		},
		"function-bind": {
			"version": "1.1.1",
			"resolved": "https://registry.npmjs.org/function-bind/-/function-bind-1.1.1.tgz",
			"integrity": "sha512-yIovAzMX49sF8Yl58fSCWJ5svSLuaibPxXQJFLmBObTuCr0Mf1KiPopGM9NiFjiYBCbfaa2Fh6breQ6ANVTI0A==",
			"dev": true
		},
		"get-it": {
			"version": "5.0.5",
			"resolved": "https://registry.npmjs.org/get-it/-/get-it-5.0.5.tgz",
			"integrity": "sha512-P5McakQI/9611hP0cYqyF0VlhxQj49ok21TvCbNEqBfsVVC/ZnmYPP91bky4N4/Oy1HmXFZ/CMh6CCH8nAgLpQ==",
			"dev": true,
			"requires": {
				"@sanity/timed-out": "^4.0.2",
				"create-error-class": "^3.0.2",
				"debug": "^2.6.8",
				"decompress-response": "^3.3.0",
				"follow-redirects": "^1.2.4",
				"form-urlencoded": "^2.0.7",
				"in-publish": "^2.0.0",
				"into-stream": "^3.1.0",
				"is-plain-object": "^2.0.4",
				"is-retry-allowed": "^1.1.0",
				"is-stream": "^1.1.0",
				"nano-pubsub": "^1.0.2",
				"object-assign": "^4.1.1",
				"parse-headers": "^2.0.1",
				"progress-stream": "^2.0.0",
				"same-origin": "^0.1.1",
				"simple-concat": "^1.0.0",
				"tunnel-agent": "^0.6.0",
				"url-parse": "^1.1.9"
			},
			"dependencies": {
				"debug": {
					"version": "2.6.9",
					"resolved": "https://registry.npmjs.org/debug/-/debug-2.6.9.tgz",
					"integrity": "sha512-bC7ElrdJaJnPbAP+1EotYvqZsb3ecl5wi6Bfi6BJTUcNowp6cvspg0jXznRTKDjm/E7AdgFBVeAPVMNcKGsHMA==",
					"dev": true,
					"requires": {
						"ms": "2.0.0"
					}
				},
				"ms": {
					"version": "2.0.0",
					"resolved": "https://registry.npmjs.org/ms/-/ms-2.0.0.tgz",
					"integrity": "sha1-VgiurfwAvmwpAd9fmGF4jeDVl8g=",
					"dev": true
				}
			}
		},
		"has": {
			"version": "1.0.3",
			"resolved": "https://registry.npmjs.org/has/-/has-1.0.3.tgz",
			"integrity": "sha512-f2dvO0VU6Oej7RkWJGrehjbzMAjFp5/VKPp5tTpWIV4JHHZK1/BxbFRtf/siA2SWTe09caDmVtYYzWEIbBS4zw==",
			"dev": true,
			"requires": {
				"function-bind": "^1.1.1"
			}
		},
		"in-publish": {
			"version": "2.0.1",
			"resolved": "https://registry.npmjs.org/in-publish/-/in-publish-2.0.1.tgz",
			"integrity": "sha512-oDM0kUSNFC31ShNxHKUyfZKy8ZeXZBWMjMdZHKLOk13uvT27VTL/QzRGfRUcevJhpkZAvlhPYuXkF7eNWrtyxQ==",
			"dev": true
		},
		"inherits": {
			"version": "2.0.4",
			"resolved": "https://registry.npmjs.org/inherits/-/inherits-2.0.4.tgz",
			"integrity": "sha512-k/vGaX4/Yla3WzyMCvTQOXYeIHvqOKtnqBduzTHpzpQZzAskKMhZ2K+EnBiSM9zGSoIFeMpXKxa4dYeZIQqewQ==",
			"dev": true
		},
		"into-stream": {
			"version": "3.1.0",
			"resolved": "https://registry.npmjs.org/into-stream/-/into-stream-3.1.0.tgz",
			"integrity": "sha1-lvsKk2wSur1v8XUqF9BWFqvQlMY=",
			"dev": true,
			"requires": {
				"from2": "^2.1.1",
				"p-is-promise": "^1.1.0"
			}
		},
		"is-core-module": {
			"version": "2.6.0",
			"resolved": "https://registry.npmjs.org/is-core-module/-/is-core-module-2.6.0.tgz",
			"integrity": "sha512-wShG8vs60jKfPWpF2KZRaAtvt3a20OAn7+IJ6hLPECpSABLcKtFKTTI4ZtH5QcBruBHlq+WsdHWyz0BCZW7svQ==",
			"dev": true,
			"requires": {
				"has": "^1.0.3"
			}
		},
		"is-obj": {
			"version": "1.0.1",
			"resolved": "https://registry.npmjs.org/is-obj/-/is-obj-1.0.1.tgz",
			"integrity": "sha1-PkcprB9f3gJc19g6iW2rn09n2w8=",
			"dev": true
		},
		"is-plain-object": {
			"version": "2.0.4",
			"resolved": "https://registry.npmjs.org/is-plain-object/-/is-plain-object-2.0.4.tgz",
			"integrity": "sha512-h5PpgXkWitc38BBMYawTYMWJHFZJVnBquFE57xFpjB8pJFiF6gZ+bU+WyI/yqXiFR5mdLsgYNaPe8uao6Uv9Og==",
			"dev": true,
			"requires": {
				"isobject": "^3.0.1"
			}
		},
		"is-retry-allowed": {
			"version": "1.2.0",
			"resolved": "https://registry.npmjs.org/is-retry-allowed/-/is-retry-allowed-1.2.0.tgz",
			"integrity": "sha512-RUbUeKwvm3XG2VYamhJL1xFktgjvPzL0Hq8C+6yrWIswDy3BIXGqCxhxkc30N9jqK311gVU137K8Ei55/zVJRg==",
			"dev": true
		},
		"is-stream": {
			"version": "1.1.0",
			"resolved": "https://registry.npmjs.org/is-stream/-/is-stream-1.1.0.tgz",
			"integrity": "sha1-EtSj3U5o4Lec6428hBc66A2RykQ=",
			"dev": true
		},
		"isarray": {
			"version": "1.0.0",
			"resolved": "https://registry.npmjs.org/isarray/-/isarray-1.0.0.tgz",
			"integrity": "sha1-u5NdSFgsuhaMBoNJV6VKPgcSTxE=",
			"dev": true
		},
		"isobject": {
			"version": "3.0.1",
			"resolved": "https://registry.npmjs.org/isobject/-/isobject-3.0.1.tgz",
			"integrity": "sha1-TkMekrEalzFjaqH5yNHMvP2reN8=",
			"dev": true
		},
		"kleur": {
			"version": "4.1.4",
			"resolved": "https://registry.npmjs.org/kleur/-/kleur-4.1.4.tgz",
			"integrity": "sha512-8QADVssbrFjivHWQU7KkMgptGTl6WAcSdlbBPY4uNF+mWr6DGcKrvY2w4FQJoXch7+fKMjj0dRrL75vk3k23OA==",
			"dev": true
		},
		"lazysizes": {
			"version": "5.3.2",
			"resolved": "https://registry.npmjs.org/lazysizes/-/lazysizes-5.3.2.tgz",
			"integrity": "sha512-22UzWP+Vedi/sMeOr8O7FWimRVtiNJV2HCa+V8+peZOw6QbswN9k58VUhd7i6iK5bw5QkYrF01LJbeJe0PV8jg=="
		},
		"magic-string": {
			"version": "0.25.7",
			"resolved": "https://registry.npmjs.org/magic-string/-/magic-string-0.25.7.tgz",
			"integrity": "sha512-4CrMT5DOHTDk4HYDlzmwu4FVCcIYI8gauveasrdCu2IKIFOJ3f0v/8MDGJCDL9oD2ppz/Av1b0Nj345H9M+XIA==",
			"dev": true,
			"requires": {
				"sourcemap-codec": "^1.4.4"
			}
		},
		"make-error": {
			"version": "1.3.6",
			"resolved": "https://registry.npmjs.org/make-error/-/make-error-1.3.6.tgz",
			"integrity": "sha512-s8UhlNe7vPKomQhC1qFelMokr/Sc3AgNbso3n74mVPA5LTZwkB9NlXf4XPamLxJE8h0gh73rM94xvwRT2CVInw==",
			"dev": true
		},
		"mimic-response": {
			"version": "1.0.1",
			"resolved": "https://registry.npmjs.org/mimic-response/-/mimic-response-1.0.1.tgz",
			"integrity": "sha512-j5EctnkH7amfV/q5Hgmoal1g2QHFJRraOtmx0JpIqkxhBhI/lJSl1nMpQ45hVarwNETOoWEimndZ4QK0RHxuxQ==",
			"dev": true
		},
		"mri": {
			"version": "1.1.6",
			"resolved": "https://registry.npmjs.org/mri/-/mri-1.1.6.tgz",
			"integrity": "sha512-oi1b3MfbyGa7FJMP9GmLTttni5JoICpYBRlq+x5V16fZbLsnL9N3wFqqIm/nIG43FjUFkFh9Epzp/kzUGUnJxQ==",
			"dev": true
		},
		"ms": {
			"version": "2.1.2",
			"resolved": "https://registry.npmjs.org/ms/-/ms-2.1.2.tgz",
			"integrity": "sha512-sGkPx+VjMtmA6MX27oA4FBFELFCZZ4S4XqeGOXCv68tT+jb3vk/RyaKWP0PTKyWtmLSM0b+adUTEvbs1PEaH2w==",
			"dev": true
		},
		"nano-pubsub": {
			"version": "1.0.2",
			"resolved": "https://registry.npmjs.org/nano-pubsub/-/nano-pubsub-1.0.2.tgz",
			"integrity": "sha1-NM53b3r5WZFbj3rP6N1rnGbzvek=",
			"dev": true
		},
		"nanocolors": {
			"version": "0.1.6",
			"resolved": "https://registry.npmjs.org/nanocolors/-/nanocolors-0.1.6.tgz",
			"integrity": "sha512-2pvTw6vYRaBLGir2xR7MxaJtyWkrn+C53EpW8yPotG+pdAwBvt0Xwk4VJ6VHLY0aLthVZPvDfm9TdZvrvAm5UQ==",
			"dev": true
		},
		"nanoid": {
			"version": "3.1.25",
			"resolved": "https://registry.npmjs.org/nanoid/-/nanoid-3.1.25.tgz",
			"integrity": "sha512-rdwtIXaXCLFAQbnfqDRnI6jaRHp9fTcYBjtFKE8eezcZ7LuLjhUaQGNeMXf1HmRoCH32CLz6XwX0TtxEOS/A3Q==",
			"dev": true
		},
		"node-fetch": {
			"version": "3.0.0",
			"resolved": "https://registry.npmjs.org/node-fetch/-/node-fetch-3.0.0.tgz",
			"integrity": "sha512-bKMI+C7/T/SPU1lKnbQbwxptpCrG9ashG+VkytmXCPZyuM9jB6VU+hY0oi4lC8LxTtAeWdckNCTa3nrGsAdA3Q==",
			"dev": true,
			"requires": {
				"data-uri-to-buffer": "^3.0.1",
				"fetch-blob": "^3.1.2"
			}
		},
		"node-releases": {
			"version": "1.1.76",
			"resolved": "https://registry.npmjs.org/node-releases/-/node-releases-1.1.76.tgz",
			"integrity": "sha512-9/IECtNr8dXNmPWmFXepT0/7o5eolGesHUa3mtr0KlgnCvnZxwh2qensKL42JJY2vQKC3nIBXetFAqR+PW1CmA==",
			"dev": true
		},
		"normalize-range": {
			"version": "0.1.2",
			"resolved": "https://registry.npmjs.org/normalize-range/-/normalize-range-0.1.2.tgz",
			"integrity": "sha1-LRDAa9/TEuqXd2laTShDlFa3WUI=",
			"dev": true
		},
		"object-assign": {
			"version": "4.1.1",
			"resolved": "https://registry.npmjs.org/object-assign/-/object-assign-4.1.1.tgz",
			"integrity": "sha1-IQmtx5ZYh8/AXLvUQsrIv7s2CGM=",
			"dev": true
		},
		"original": {
			"version": "1.0.2",
			"resolved": "https://registry.npmjs.org/original/-/original-1.0.2.tgz",
			"integrity": "sha512-hyBVl6iqqUOJ8FqRe+l/gS8H+kKYjrEndd5Pm1MfBtsEKA038HkkdbAl/72EAXGyonD/PFsvmVG+EvcIpliMBg==",
			"dev": true,
			"requires": {
				"url-parse": "^1.4.3"
			}
		},
		"p-is-promise": {
			"version": "1.1.0",
			"resolved": "https://registry.npmjs.org/p-is-promise/-/p-is-promise-1.1.0.tgz",
			"integrity": "sha1-nJRWmJ6fZYgBewQ01WCXZ1w9oF4=",
			"dev": true
		},
		"parse-headers": {
			"version": "2.0.4",
			"resolved": "https://registry.npmjs.org/parse-headers/-/parse-headers-2.0.4.tgz",
			"integrity": "sha512-psZ9iZoCNFLrgRjZ1d8mn0h9WRqJwFxM9q3x7iUjN/YT2OksthDJ5TiPCu2F38kS4zutqfW+YdVVkBZZx3/1aw==",
			"dev": true
		},
		"path-parse": {
			"version": "1.0.7",
			"resolved": "https://registry.npmjs.org/path-parse/-/path-parse-1.0.7.tgz",
			"integrity": "sha512-LDJzPVEEEPR+y48z93A0Ed0yXb8pAByGWo/k5YYdYgpY2/2EsOsksJrq7lOHxryrVOn1ejG6oAp8ahvOIQD8sw==",
			"dev": true
		},
		"picomatch": {
			"version": "2.3.0",
			"resolved": "https://registry.npmjs.org/picomatch/-/picomatch-2.3.0.tgz",
			"integrity": "sha512-lY1Q/PiJGC2zOv/z391WOTD+Z02bCgsFfvxoXXf6h7kv9o+WmsmzYqrAwY63sNgOxE4xEdq0WyUnXfKeBrSvYw==",
			"dev": true
		},
		"postcss": {
			"version": "8.3.6",
			"resolved": "https://registry.npmjs.org/postcss/-/postcss-8.3.6.tgz",
			"integrity": "sha512-wG1cc/JhRgdqB6WHEuyLTedf3KIRuD0hG6ldkFEZNCjRxiC+3i6kkWUUbiJQayP28iwG35cEmAbe98585BYV0A==",
			"dev": true,
			"requires": {
				"colorette": "^1.2.2",
				"nanoid": "^3.1.23",
				"source-map-js": "^0.6.2"
			}
		},
		"postcss-value-parser": {
			"version": "4.1.0",
			"resolved": "https://registry.npmjs.org/postcss-value-parser/-/postcss-value-parser-4.1.0.tgz",
			"integrity": "sha512-97DXOFbQJhk71ne5/Mt6cOu6yxsSfM0QGQyl0L25Gca4yGWEGJaig7l7gbCX623VqTBNGLRLaVUCnNkcedlRSQ==",
			"dev": true
		},
		"process-nextick-args": {
			"version": "2.0.1",
			"resolved": "https://registry.npmjs.org/process-nextick-args/-/process-nextick-args-2.0.1.tgz",
			"integrity": "sha512-3ouUOpQhtgrbOa17J7+uxOTpITYWaGP7/AhoR3+A+/1e9skrzelGi/dXzEYyvbxubEF6Wn2ypscTKiKJFFn1ag==",
			"dev": true
		},
		"progress-stream": {
			"version": "2.0.0",
			"resolved": "https://registry.npmjs.org/progress-stream/-/progress-stream-2.0.0.tgz",
			"integrity": "sha1-+sY6Cz0R3qy7CWmrzJOyFLzhntU=",
			"dev": true,
			"requires": {
				"speedometer": "~1.0.0",
				"through2": "~2.0.3"
			}
		},
		"querystringify": {
			"version": "2.2.0",
			"resolved": "https://registry.npmjs.org/querystringify/-/querystringify-2.2.0.tgz",
			"integrity": "sha512-FIqgj2EUvTa7R50u0rGsyTftzjYmv/a3hO345bZNrqabNqjtgiDMgmo4mkUjd+nzU5oF3dClKqFIPUKybUyqoQ==",
			"dev": true
		},
		"readable-stream": {
			"version": "2.3.7",
			"resolved": "https://registry.npmjs.org/readable-stream/-/readable-stream-2.3.7.tgz",
			"integrity": "sha512-Ebho8K4jIbHAxnuxi7o42OrZgF/ZTNcsZj6nRKyUmkhLFq8CHItp/fy6hQZuZmP/n3yZ9VBUbp4zz/mX8hmYPw==",
			"dev": true,
			"requires": {
				"core-util-is": "~1.0.0",
				"inherits": "~2.0.3",
				"isarray": "~1.0.0",
				"process-nextick-args": "~2.0.0",
				"safe-buffer": "~5.1.1",
				"string_decoder": "~1.1.1",
				"util-deprecate": "~1.0.1"
			}
		},
		"require-relative": {
			"version": "0.8.7",
			"resolved": "https://registry.npmjs.org/require-relative/-/require-relative-0.8.7.tgz",
			"integrity": "sha1-eZlTn8ngR6N5KPoZb44VY9q9Nt4=",
			"dev": true
		},
		"requires-port": {
			"version": "1.0.0",
			"resolved": "https://registry.npmjs.org/requires-port/-/requires-port-1.0.0.tgz",
			"integrity": "sha1-kl0mAdOaxIXgkc8NpcbmlNw9yv8=",
			"dev": true
		},
		"resolve": {
			"version": "1.20.0",
			"resolved": "https://registry.npmjs.org/resolve/-/resolve-1.20.0.tgz",
			"integrity": "sha512-wENBPt4ySzg4ybFQW2TT1zMQucPK95HSh/nq2CFTZVOGut2+pQvSsgtda4d26YrYcr067wjbmzOG8byDPBX63A==",
			"dev": true,
			"requires": {
				"is-core-module": "^2.2.0",
				"path-parse": "^1.0.6"
			}
		},
		"rollup": {
			"version": "2.57.0",
			"resolved": "https://registry.npmjs.org/rollup/-/rollup-2.57.0.tgz",
			"integrity": "sha512-bKQIh1rWKofRee6mv8SrF2HdP6pea5QkwBZSMImJysFj39gQuiV8MEPBjXOCpzk3wSYp63M2v2wkWBmFC8O/rg==",
			"dev": true,
			"requires": {
				"fsevents": "~2.3.2"
			}
		},
		"rxjs": {
			"version": "6.6.7",
			"resolved": "https://registry.npmjs.org/rxjs/-/rxjs-6.6.7.tgz",
			"integrity": "sha512-hTdwr+7yYNIT5n4AMYp85KA6yw2Va0FLa3Rguvbpa4W3I5xynaBZo41cM3XM+4Q6fRMj3sBYIR1VAmZMXYJvRQ==",
			"dev": true,
			"requires": {
				"tslib": "^1.9.0"
			}
		},
		"sade": {
			"version": "1.7.4",
			"resolved": "https://registry.npmjs.org/sade/-/sade-1.7.4.tgz",
			"integrity": "sha512-y5yauMD93rX840MwUJr7C1ysLFBgMspsdTo4UVrDg3fXDvtwOyIqykhVAAm6fk/3au77773itJStObgK+LKaiA==",
			"dev": true,
			"requires": {
				"mri": "^1.1.0"
			}
		},
		"safe-buffer": {
			"version": "5.1.2",
			"resolved": "https://registry.npmjs.org/safe-buffer/-/safe-buffer-5.1.2.tgz",
			"integrity": "sha512-Gd2UZBJDkXlY7GbJxfsE8/nvKkUEU1G38c1siN6QP6a9PT9MmHB8GnpscSmMJSoF8LOIrt8ud/wPtojys4G6+g==",
			"dev": true
		},
		"same-origin": {
			"version": "0.1.1",
			"resolved": "https://registry.npmjs.org/same-origin/-/same-origin-0.1.1.tgz",
			"integrity": "sha1-wih9MZJXffUXrLvW0UUanDw5FPU=",
			"dev": true
		},
		"simple-concat": {
			"version": "1.0.1",
			"resolved": "https://registry.npmjs.org/simple-concat/-/simple-concat-1.0.1.tgz",
			"integrity": "sha512-cSFtAPtRhljv69IK0hTVZQ+OfE9nePi/rtJmw5UjHeVyVroEqJXP1sFztKUy1qU+xvz3u/sfYJLa947b7nAN2Q==",
			"dev": true
		},
		"source-map-js": {
			"version": "0.6.2",
			"resolved": "https://registry.npmjs.org/source-map-js/-/source-map-js-0.6.2.tgz",
			"integrity": "sha512-/3GptzWzu0+0MBQFrDKzw/DvvMTUORvgY6k6jd/VS6iCR4RDTKWH6v6WPwQoUO8667uQEf9Oe38DxAYWY5F/Ug==",
			"dev": true
		},
		"sourcemap-codec": {
			"version": "1.4.8",
			"resolved": "https://registry.npmjs.org/sourcemap-codec/-/sourcemap-codec-1.4.8.tgz",
			"integrity": "sha512-9NykojV5Uih4lgo5So5dtw+f0JgJX30KCNI8gwhz2J9A15wD0Ml6tjHKwf6fTSa6fAdVBdZeNOs9eJ71qCk8vA==",
			"dev": true
		},
		"speedometer": {
			"version": "1.0.0",
			"resolved": "https://registry.npmjs.org/speedometer/-/speedometer-1.0.0.tgz",
			"integrity": "sha1-zWccsGdSwivKM3Di8zREC+T8YuI=",
			"dev": true
		},
		"string_decoder": {
			"version": "1.1.1",
			"resolved": "https://registry.npmjs.org/string_decoder/-/string_decoder-1.1.1.tgz",
			"integrity": "sha512-n/ShnvDi6FHbbVfviro+WojiFzv+s8MPMHBczVePfUpDJLwoLT0ht1l4YwBCbi8pJAveEEdnkHyPyTP/mzRfwg==",
			"dev": true,
			"requires": {
				"safe-buffer": "~5.1.0"
			}
		},
		"svelte": {
			"version": "3.42.6",
			"resolved": "https://registry.npmjs.org/svelte/-/svelte-3.42.6.tgz",
			"integrity": "sha512-lAcryr9Do2PeGtbodspX5I4kWj4yWYAa2WGpDCwzNkP3y8WZTxigMd4/TMO1rBZEOkMYGn4ZXrbAlSEGhK6q3w==",
			"dev": true
		},
		"svelte-hmr": {
			"version": "0.14.7",
			"resolved": "https://registry.npmjs.org/svelte-hmr/-/svelte-hmr-0.14.7.tgz",
			"integrity": "sha512-pDrzgcWSoMaK6AJkBWkmgIsecW0GChxYZSZieIYfCP0v2oPyx2CYU/zm7TBIcjLVUPP714WxmViE9Thht4etog==",
			"dev": true
		},
		"through2": {
			"version": "2.0.5",
			"resolved": "https://registry.npmjs.org/through2/-/through2-2.0.5.tgz",
			"integrity": "sha512-/mrRod8xqpA+IHSLyGCQ2s8SPHiCDEeQJSep1jqLYeEUClOFG2Qsh+4FU6G9VeqpZnGW/Su8LQGc4YKni5rYSQ==",
			"dev": true,
			"requires": {
				"readable-stream": "~2.3.6",
				"xtend": "~4.0.1"
			}
		},
		"tslib": {
			"version": "1.14.1",
			"resolved": "https://registry.npmjs.org/tslib/-/tslib-1.14.1.tgz",
			"integrity": "sha512-Xni35NKzjgMrwevysHTCArtLDpPvye8zV/0E4EyYn43P7/7qvQwPh9BGkHewbMulVntbigmcT7rdX3BNo9wRJg==",
			"dev": true
		},
		"tunnel-agent": {
			"version": "0.6.0",
			"resolved": "https://registry.npmjs.org/tunnel-agent/-/tunnel-agent-0.6.0.tgz",
			"integrity": "sha1-J6XeoGs2sEoKmWZ3SykIaPD8QP0=",
			"dev": true,
			"requires": {
				"safe-buffer": "^5.0.1"
			}
		},
		"url-parse": {
			"version": "1.5.3",
			"resolved": "https://registry.npmjs.org/url-parse/-/url-parse-1.5.3.tgz",
			"integrity": "sha512-IIORyIQD9rvj0A4CLWsHkBBJuNqWpFQe224b6j9t/ABmquIS0qDU2pY6kl6AuOrL5OkCXHMCFNe1jBcuAggjvQ==",
			"dev": true,
			"requires": {
				"querystringify": "^2.1.1",
				"requires-port": "^1.0.0"
			}
		},
		"util-deprecate": {
			"version": "1.0.2",
			"resolved": "https://registry.npmjs.org/util-deprecate/-/util-deprecate-1.0.2.tgz",
			"integrity": "sha1-RQ1Nyfpw3nMnYvvS1KKJgUGaDM8=",
			"dev": true
		},
		"vite": {
			"version": "2.5.10",
			"resolved": "https://registry.npmjs.org/vite/-/vite-2.5.10.tgz",
			"integrity": "sha512-0ObiHTi5AHyXdJcvZ67HMsDgVpjT5RehvVKv6+Q0jFZ7zDI28PF5zK9mYz2avxdA+4iJMdwCz6wnGNnn4WX5Gg==",
			"dev": true,
			"requires": {
				"esbuild": "^0.12.17",
				"fsevents": "~2.3.2",
				"postcss": "^8.3.6",
				"resolve": "^1.20.0",
				"rollup": "^2.38.5"
			}
		},
		"web-streams-polyfill": {
			"version": "3.1.1",
			"resolved": "https://registry.npmjs.org/web-streams-polyfill/-/web-streams-polyfill-3.1.1.tgz",
			"integrity": "sha512-Czi3fG883e96T4DLEPRvufrF2ydhOOW1+1a6c3gNjH2aIh50DNFBdfwh2AKoOf1rXvpvavAoA11Qdq9+BKjE0Q==",
			"dev": true
		},
		"xtend": {
			"version": "4.0.2",
			"resolved": "https://registry.npmjs.org/xtend/-/xtend-4.0.2.tgz",
			"integrity": "sha512-LKYU1iAXJXUgAXn9URjiu+MWhyUXHsvfp7mcuYm9dSUKK0/CjtrUwFAxD82/mCWbtLsGjFIad0wIsod4zrTAEQ==",
			"dev": true
		}
	}
}
